
Microsoft Visual Studio Solution File, Format Version 12.00
# Visual Studio Version 17
VisualStudioVersion = 17.5.002.0
MinimumVisualStudioVersion = 10.0.40219.1
Project("{9A19103F-16F7-4668-BE54-9A1E7A4F7556}") = "OOPLesson002-Example", "OOPLesson002-Example.csproj", "{FA46A158-C952-4DE9-91E2-242F9A9F5DC8}"
EndProject
Global
	GlobalSection(SolutionConfigurationPlatforms) = preSolution
		Debug|Any CPU = Debug|Any CPU
		Release|Any CPU = Release|Any CPU
	EndGlobalSection
	GlobalSection(ProjectConfigurationPlatforms) = postSolution
		{FA46A158-C952-4DE9-91E2-242F9A9F5DC8}.Debug|Any CPU.ActiveCfg = Debug|Any CPU
		{FA46A158-C952-4DE9-91E2-242F9A9F5DC8}.Debug|Any CPU.Build.0 = Debug|Any CPU
		{FA46A158-C952-4DE9-91E2-242F9A9F5DC8}.Release|Any CPU.ActiveCfg = Release|Any CPU
		{FA46A158-C952-4DE9-91E2-242F9A9F5DC8}.Release|Any CPU.Build.0 = Release|Any CPU
	EndGlobalSection
	GlobalSection(SolutionProperties) = preSolution
		HideSolutionNode = FALSE
	EndGlobalSection
	GlobalSection(ExtensibilityGlobals) = postSolution
		SolutionGuid = {5F2DCD23-8D5B-4894-9C40-BAE97E3ECF9E}
	EndGlobalSection
EndGlobal
